PODS:
  - DisplayCriteria (1.1.0)
  - FFmpegKit (6.1.0):
    - FFmpegKit/FFmpegKit (= 6.1.0)
  - FFmpegKit/FFmpegKit (6.1.0):
    - Libass
  - KSPlayer (1.1.0):
    - KSPlayer/Audio (= 1.1.0)
    - KSPlayer/AVPlayer (= 1.1.0)
    - KSPlayer/Core (= 1.1.0)
    - KSPlayer/MEPlayer (= 1.1.0)
    - KSPlayer/Metal (= 1.1.0)
    - KSPlayer/Subtitle (= 1.1.0)
    - KSPlayer/SwiftUI (= 1.1.0)
    - KSPlayer/Video (= 1.1.0)
  - KSPlayer/Audio (1.1.0):
    - KSPlayer/Core
  - KSPlayer/AVPlayer (1.1.0):
    - DisplayCriteria
  - KSPlayer/Core (1.1.0):
    - KSPlayer/AVPlayer
  - KSPlayer/MEPlayer (1.1.0):
    - FFmpegKit
    - KSPlayer/AVPlayer
    - KSPlayer/Metal
    - KSPlayer/Subtitle
  - KSPlayer/Metal (1.1.0)
  - KSPlayer/Subtitle (1.1.0)
  - KSPlayer/SwiftUI (1.1.0):
    - KSPlayer/AVPlayer
  - KSPlayer/Tests (1.1.0)
  - KSPlayer/Video (1.1.0):
    - KSPlayer/Core
    - KSPlayer/Subtitle
  - Libass (0.17.1):
    - Libass/Libass (= 0.17.1)
  - Libass/Libass (0.17.1)
  - OpenSSL (3.1.4):
    - OpenSSL/OpenSSL (= 3.1.4)
  - OpenSSL/OpenSSL (3.1.4)

DEPENDENCIES:
  - DisplayCriteria (from `../`)
  - FFmpegKit (from `https://github.com/kingslay/FFmpegKit.git`, branch `main`)
  - KSPlayer (from `../`)
  - KSPlayer/Tests (from `../`)
  - Libass (from `https://github.com/kingslay/FFmpegKit.git`, branch `main`)
  - OpenSSL (from `https://github.com/kingslay/FFmpegKit.git`, branch `main`)

EXTERNAL SOURCES:
  DisplayCriteria:
    :path: "../"
  FFmpegKit:
    :branch: main
    :git: https://github.com/kingslay/FFmpegKit.git
  KSPlayer:
    :path: "../"
  Libass:
    :branch: main
    :git: https://github.com/kingslay/FFmpegKit.git
  OpenSSL:
    :branch: main
    :git: https://github.com/kingslay/FFmpegKit.git

CHECKOUT OPTIONS:
  FFmpegKit:
    :commit: 0e93ace8dcb3cb58745a2199cf27fd08d122267a
    :git: https://github.com/kingslay/FFmpegKit.git
  Libass:
    :commit: 0e93ace8dcb3cb58745a2199cf27fd08d122267a
    :git: https://github.com/kingslay/FFmpegKit.git
  OpenSSL:
    :commit: 0e93ace8dcb3cb58745a2199cf27fd08d122267a
    :git: https://github.com/kingslay/FFmpegKit.git

SPEC CHECKSUMS:
  DisplayCriteria: bb0a90faf14b30848bc50ac0516340ce50164187
  FFmpegKit: 26f80ba643f77e525bc6505a98839a56d91aae4f
  KSPlayer: cd8c2427873dddcd3a577f8bb230885c06e5ac2e
  Libass: e88af2324e1217e3a4c8bdc675f6f23a9dfc7677
  OpenSSL: 9a1c748444fb6c045b146e5a55173645e13171a3

PODFILE CHECKSUM: d08cee5e76ecdf98fa119dc3a3cd7e916c22310f

COCOAPODS: 1.15.2
